
Microsoft Visual Studio Solution File, Format Version 12.00
# Visual Studio Version 17
VisualStudioVersion = 17.3.32922.545
MinimumVisualStudioVersion = 10.0.40219.1
Project("{FAE04EC0-301F-11D3-BF4B-00C04F79EFBC}") = "jwtTokenAuthentication", "jwtTokenAuthentication\jwtTokenAuthentication.csproj", "{C811AFD0-AD30-4470-A5DF-8308A3124003}"
EndProject
Global
	GlobalSection(SolutionConfigurationPlatforms) = preSolution
		Debug|Any CPU = Debug|Any CPU
		Release|Any CPU = Release|Any CPU
	EndGlobalSection
	GlobalSection(ProjectConfigurationPlatforms) = postSolution
		{C811AFD0-AD30-4470-A5DF-8308A3124003}.Debug|Any CPU.ActiveCfg = Debug|Any CPU
		{C811AFD0-AD30-4470-A5DF-8308A3124003}.Debug|Any CPU.Build.0 = Debug|Any CPU
		{C811AFD0-AD30-4470-A5DF-8308A3124003}.Release|Any CPU.ActiveCfg = Release|Any CPU
		{C811AFD0-AD30-4470-A5DF-8308A3124003}.Release|Any CPU.Build.0 = Release|Any CPU
	EndGlobalSection
	GlobalSection(SolutionProperties) = preSolution
		HideSolutionNode = FALSE
	EndGlobalSection
	GlobalSection(ExtensibilityGlobals) = postSolution
		SolutionGuid = {0B97E826-5BCE-4E12-B6B2-052D744A8EFC}
	EndGlobalSection
EndGlobal
